
Microsoft Visual Studio Solution File, Format Version 12.00
# Visual Studio Version 16
VisualStudioVersion = 16.0.810.25
MinimumVisualStudioVersion = 10.0.40219.1
Project("{FAE04EC0-301F-11D3-BF4B-00C04F79EFBC}") = "ServerCore", "ServerCore.csproj", "{AA0D617E-9BFB-4EAD-85EF-74FFEB69B05C}"
EndProject
Global
	GlobalSection(SolutionConfigurationPlatforms) = preSolution
		Debug|Any CPU = Debug|Any CPU
		Release|Any CPU = Release|Any CPU
	EndGlobalSection
	GlobalSection(ProjectConfigurationPlatforms) = postSolution
		{AA0D617E-9BFB-4EAD-85EF-74FFEB69B05C}.Debug|Any CPU.ActiveCfg = Debug|Any CPU
		{AA0D617E-9BFB-4EAD-85EF-74FFEB69B05C}.Debug|Any CPU.Build.0 = Debug|Any CPU
		{AA0D617E-9BFB-4EAD-85EF-74FFEB69B05C}.Release|Any CPU.ActiveCfg = Release|Any CPU
		{AA0D617E-9BFB-4EAD-85EF-74FFEB69B05C}.Release|Any CPU.Build.0 = Release|Any CPU
	EndGlobalSection
	GlobalSection(SolutionProperties) = preSolution
		HideSolutionNode = FALSE
	EndGlobalSection
	GlobalSection(ExtensibilityGlobals) = postSolution
		SolutionGuid = {2F1ABB19-3A73-4F5E-BC4D-7C5D96DD21DD}
	EndGlobalSection
EndGlobal
